lockfileVersion: '9.0'

settings:
  autoInstallPeers: true
  excludeLinksFromLockfile: false

importers:

  .:
    dependencies:
      framer-motion:
        specifier: ^12.5.0
        version: 12.5.0
      gsap:
        specifier: ^3.12.7
        version: 3.12.7
      zustand:
        specifier: ^5.0.3
        version: 5.0.3

packages:

  framer-motion@12.5.0:
    resolution: {integrity: sha512-buPlioFbH9/W7rDzYh1C09AuZHAk2D1xTA1BlounJ2Rb9aRg84OXexP0GLd+R83v0khURdMX7b5MKnGTaSg5iA==}
    peerDependencies:
      '@emotion/is-prop-valid': '*'
      react: ^18.0.0 || ^19.0.0
      react-dom: ^18.0.0 || ^19.0.0
    peerDependenciesMeta:
      '@emotion/is-prop-valid':
        optional: true
      react:
        optional: true
      react-dom:
        optional: true

  gsap@3.12.7:
    resolution: {integrity: sha512-V4GsyVamhmKefvcAKaoy0h6si0xX7ogwBoBSs2CTJwt7luW0oZzC0LhdkyuKV8PJAXr7Yaj8pMjCKD4GJ+eEMg==}

  motion-dom@12.5.0:
    resolution: {integrity: sha512-uH2PETDh7m+Hjd1UQQ56yHqwn83SAwNjimNPE/kC+Kds0t4Yh7+29rfo5wezVFpPOv57U4IuWved5d1x0kNhbQ==}

  motion-utils@12.5.0:
    resolution: {integrity: sha512-+hFFzvimn0sBMP9iPxBa9OtRX35ZQ3py0UHnb8U29VD+d8lQ8zH3dTygJWqK7av2v6yhg7scj9iZuvTS0f4+SA==}

  tslib@2.8.1:
    resolution: {integrity: sha512-oJFu94HQb+KVduSUQL7wnpmqnfmLsOA/nAh6b6EH0wCEoK0/mPeXU6c3wKDV83MkOuHPRHtSXKKU99IBazS/2w==}

  zustand@5.0.3:
    resolution: {integrity: sha512-14fwWQtU3pH4dE0dOpdMiWjddcH+QzKIgk1cl8epwSE7yag43k/AD/m4L6+K7DytAOr9gGBe3/EXj9g7cdostg==}
    engines: {node: '>=12.20.0'}
    peerDependencies:
      '@types/react': '>=18.0.0'
      immer: '>=9.0.6'
      react: '>=18.0.0'
      use-sync-external-store: '>=1.2.0'
    peerDependenciesMeta:
      '@types/react':
        optional: true
      immer:
        optional: true
      react:
        optional: true
      use-sync-external-store:
        optional: true

snapshots:

  framer-motion@12.5.0:
    dependencies:
      motion-dom: 12.5.0
      motion-utils: 12.5.0
      tslib: 2.8.1

  gsap@3.12.7: {}

  motion-dom@12.5.0:
    dependencies:
      motion-utils: 12.5.0

  motion-utils@12.5.0: {}

  tslib@2.8.1: {}

  zustand@5.0.3: {}
